
Microsoft Visual Studio Solution File, Format Version 12.00
# Visual Studio 15
VisualStudioVersion = 15.0.27703.2035
MinimumVisualStudioVersion = 10.0.40219.1
Project("{FAE04EC0-301F-11D3-BF4B-00C04F79EFBC}") = "FinApp_crossplatform.Android", "FinApp_crossplatform\FinApp_crossplatform.Android\FinApp_crossplatform.Android.csproj", "{E7BF1C86-3ED5-431D-9B23-750C316FDCE5}"
EndProject
Project("{FAE04EC0-301F-11D3-BF4B-00C04F79EFBC}") = "FinApp_crossplatform.iOS", "FinApp_crossplatform\FinApp_crossplatform.iOS\FinApp_crossplatform.iOS.csproj", "{A0DFBB58-6933-45B9-AAF1-CCD647B149C1}"
EndProject
Project("{FAE04EC0-301F-11D3-BF4B-00C04F79EFBC}") = "FinApp_crossplatform.UWP", "FinApp_crossplatform\FinApp_crossplatform.UWP\FinApp_crossplatform.UWP.csproj", "{F1DF824D-7C4E-4D69-9466-9E39FE8173CF}"
EndProject
Project("{FAE04EC0-301F-11D3-BF4B-00C04F79EFBC}") = "FinApp_crossplatform", "FinApp_crossplatform\FinApp_crossplatform\FinApp_crossplatform.csproj", "{431DDDD0-1847-4D8A-8757-AD84D0491B34}"
EndProject
Global
	GlobalSection(SolutionConfigurationPlatforms) = preSolution
		Ad-Hoc|Any CPU = Ad-Hoc|Any CPU
		Ad-Hoc|ARM = Ad-Hoc|ARM
		Ad-Hoc|iPhone = Ad-Hoc|iPhone
		Ad-Hoc|iPhoneSimulator = Ad-Hoc|iPhoneSimulator
		Ad-Hoc|x64 = Ad-Hoc|x64
		Ad-Hoc|x86 = Ad-Hoc|x86
		AppStore|Any CPU = AppStore|Any CPU
		AppStore|ARM = AppStore|ARM
		AppStore|iPhone = AppStore|iPhone
		AppStore|iPhoneSimulator = AppStore|iPhoneSimulator
		AppStore|x64 = AppStore|x64
		AppStore|x86 = AppStore|x86
		Debug|Any CPU = Debug|Any CPU
		Debug|ARM = Debug|ARM
		Debug|iPhone = Debug|iPhone
		Debug|iPhoneSimulator = Debug|iPhoneSimulator
		Debug|x64 = Debug|x64
		Debug|x86 = Debug|x86
		Release|Any CPU = Release|Any CPU
		Release|ARM = Release|ARM
		Release|iPhone = Release|iPhone
		Release|iPhoneSimulator = Release|iPhoneSimulator
		Release|x64 = Release|x64
		Release|x86 = Release|x86
	EndGlobalSection
	GlobalSection(ProjectConfigurationPlatforms) = postSolution
		{E7BF1C86-3ED5-431D-9B23-750C316FDCE5}.Ad-Hoc|Any CPU.ActiveCfg = Release|Any CPU
		{E7BF1C86-3ED5-431D-9B23-750C316FDCE5}.Ad-Hoc|Any CPU.Build.0 = Release|Any CPU
		{E7BF1C86-3ED5-431D-9B23-750C316FDCE5}.Ad-Hoc|Any CPU.Deploy.0 = Release|Any CPU
		{E7BF1C86-3ED5-431D-9B23-750C316FDCE5}.Ad-Hoc|ARM.ActiveCfg = Release|Any CPU
		{E7BF1C86-3ED5-431D-9B23-750C316FDCE5}.Ad-Hoc|ARM.Build.0 = Release|Any CPU
		{E7BF1C86-3ED5-431D-9B23-750C316FDCE5}.Ad-Hoc|ARM.Deploy.0 = Release|Any CPU
		{E7BF1C86-3ED5-431D-9B23-750C316FDCE5}.Ad-Hoc|iPhone.ActiveCfg = Release|Any CPU
		{E7BF1C86-3ED5-431D-9B23-750C316FDCE5}.Ad-Hoc|iPhone.Build.0 = Release|Any CPU
		{E7BF1C86-3ED5-431D-9B23-750C316FDCE5}.Ad-Hoc|iPhone.Deploy.0 = Release|Any CPU
		{E7BF1C86-3ED5-431D-9B23-750C316FDCE5}.Ad-Hoc|iPhoneSimulator.ActiveCfg = Release|Any CPU
		{E7BF1C86-3ED5-431D-9B23-750C316FDCE5}.Ad-Hoc|iPhoneSimulator.Build.0 = Release|Any CPU
		{E7BF1C86-3ED5-431D-9B23-750C316FDCE5}.Ad-Hoc|iPhoneSimulator.Deploy.0 = Release|Any CPU
		{E7BF1C86-3ED5-431D-9B23-750C316FDCE5}.Ad-Hoc|x64.ActiveCfg = Release|Any CPU
		{E7BF1C86-3ED5-431D-9B23-750C316FDCE5}.Ad-Hoc|x64.Build.0 = Release|Any CPU
		{E7BF1C86-3ED5-431D-9B23-750C316FDCE5}.Ad-Hoc|x64.Deploy.0 = Release|Any CPU
		{E7BF1C86-3ED5-431D-9B23-750C316FDCE5}.Ad-Hoc|x86.ActiveCfg = Release|Any CPU
		{E7BF1C86-3ED5-431D-9B23-750C316FDCE5}.Ad-Hoc|x86.Build.0 = Release|Any CPU
		{E7BF1C86-3ED5-431D-9B23-750C316FDCE5}.Ad-Hoc|x86.Deploy.0 = Release|Any CPU
		{E7BF1C86-3ED5-431D-9B23-750C316FDCE5}.AppStore|Any CPU.ActiveCfg = Release|Any CPU
		{E7BF1C86-3ED5-431D-9B23-750C316FDCE5}.AppStore|Any CPU.Build.0 = Release|Any CPU
		{E7BF1C86-3ED5-431D-9B23-750C316FDCE5}.AppStore|Any CPU.Deploy.0 = Release|Any CPU
		{E7BF1C86-3ED5-431D-9B23-750C316FDCE5}.AppStore|ARM.ActiveCfg = Release|Any CPU
		{E7BF1C86-3ED5-431D-9B23-750C316FDCE5}.AppStore|ARM.Build.0 = Release|Any CPU
		{E7BF1C86-3ED5-431D-9B23-750C316FDCE5}.AppStore|ARM.Deploy.0 = Release|Any CPU
		{E7BF1C86-3ED5-431D-9B23-750C316FDCE5}.AppStore|iPhone.ActiveCfg = Release|Any CPU
		{E7BF1C86-3ED5-431D-9B23-750C316FDCE5}.AppStore|iPhone.Build.0 = Release|Any CPU
		{E7BF1C86-3ED5-431D-9B23-750C316FDCE5}.AppStore|iPhone.Deploy.0 = Release|Any CPU
		{E7BF1C86-3ED5-431D-9B23-750C316FDCE5}.AppStore|iPhoneSimulator.ActiveCfg = Release|Any CPU
		{E7BF1C86-3ED5-431D-9B23-750C316FDCE5}.AppStore|iPhoneSimulator.Build.0 = Release|Any CPU
		{E7BF1C86-3ED5-431D-9B23-750C316FDCE5}.AppStore|iPhoneSimulator.Deploy.0 = Release|Any CPU
		{E7BF1C86-3ED5-431D-9B23-750C316FDCE5}.AppStore|x64.ActiveCfg = Release|Any CPU
		{E7BF1C86-3ED5-431D-9B23-750C316FDCE5}.AppStore|x64.Build.0 = Release|Any CPU
		{E7BF1C86-3ED5-431D-9B23-750C316FDCE5}.AppStore|x64.Deploy.0 = Release|Any CPU
		{E7BF1C86-3ED5-431D-9B23-750C316FDCE5}.AppStore|x86.ActiveCfg = Release|Any CPU
		{E7BF1C86-3ED5-431D-9B23-750C316FDCE5}.AppStore|x86.Build.0 = Release|Any CPU
		{E7BF1C86-3ED5-431D-9B23-750C316FDCE5}.AppStore|x86.Deploy.0 = Release|Any CPU
		{E7BF1C86-3ED5-431D-9B23-750C316FDCE5}.Debug|Any CPU.ActiveCfg = Debug|Any CPU
		{E7BF1C86-3ED5-431D-9B23-750C316FDCE5}.Debug|Any CPU.Build.0 = Debug|Any CPU
		{E7BF1C86-3ED5-431D-9B23-750C316FDCE5}.Debug|Any CPU.Deploy.0 = Debug|Any CPU
		{E7BF1C86-3ED5-431D-9B23-750C316FDCE5}.Debug|ARM.ActiveCfg = Debug|Any CPU
		{E7BF1C86-3ED5-431D-9B23-750C316FDCE5}.Debug|ARM.Build.0 = Debug|Any CPU
		{E7BF1C86-3ED5-431D-9B23-750C316FDCE5}.Debug|ARM.Deploy.0 = Debug|Any CPU
		{E7BF1C86-3ED5-431D-9B23-750C316FDCE5}.Debug|iPhone.ActiveCfg = Debug|Any CPU
		{E7BF1C86-3ED5-431D-9B23-750C316FDCE5}.Debug|iPhone.Build.0 = Debug|Any CPU
		{E7BF1C86-3ED5-431D-9B23-750C316FDCE5}.Debug|iPhone.Deploy.0 = Debug|Any CPU
		{E7BF1C86-3ED5-431D-9B23-750C316FDCE5}.Debug|iPhoneSimulator.ActiveCfg = Debug|Any CPU
		{E7BF1C86-3ED5-431D-9B23-750C316FDCE5}.Debug|iPhoneSimulator.Build.0 = Debug|Any CPU
		{E7BF1C86-3ED5-431D-9B23-750C316FDCE5}.Debug|iPhoneSimulator.Deploy.0 = Debug|Any CPU
		{E7BF1C86-3ED5-431D-9B23-750C316FDCE5}.Debug|x64.ActiveCfg = Debug|Any CPU
		{E7BF1C86-3ED5-431D-9B23-750C316FDCE5}.Debug|x64.Build.0 = Debug|Any CPU
		{E7BF1C86-3ED5-431D-9B23-750C316FDCE5}.Debug|x64.Deploy.0 = Debug|Any CPU
		{E7BF1C86-3ED5-431D-9B23-750C316FDCE5}.Debug|x86.ActiveCfg = Debug|Any CPU
		{E7BF1C86-3ED5-431D-9B23-750C316FDCE5}.Debug|x86.Build.0 = Debug|Any CPU
		{E7BF1C86-3ED5-431D-9B23-750C316FDCE5}.Debug|x86.Deploy.0 = Debug|Any CPU
		{E7BF1C86-3ED5-431D-9B23-750C316FDCE5}.Release|Any CPU.ActiveCfg = Release|Any CPU
		{E7BF1C86-3ED5-431D-9B23-750C316FDCE5}.Release|Any CPU.Build.0 = Release|Any CPU
		{E7BF1C86-3ED5-431D-9B23-750C316FDCE5}.Release|Any CPU.Deploy.0 = Release|Any CPU
		{E7BF1C86-3ED5-431D-9B23-750C316FDCE5}.Release|ARM.ActiveCfg = Release|Any CPU
		{E7BF1C86-3ED5-431D-9B23-750C316FDCE5}.Release|ARM.Build.0 = Release|Any CPU
		{E7BF1C86-3ED5-431D-9B23-750C316FDCE5}.Release|ARM.Deploy.0 = Release|Any CPU
		{E7BF1C86-3ED5-431D-9B23-750C316FDCE5}.Release|iPhone.ActiveCfg = Release|Any CPU
		{E7BF1C86-3ED5-431D-9B23-750C316FDCE5}.Release|iPhone.Build.0 = Release|Any CPU
		{E7BF1C86-3ED5-431D-9B23-750C316FDCE5}.Release|iPhone.Deploy.0 = Release|Any CPU
		{E7BF1C86-3ED5-431D-9B23-750C316FDCE5}.Release|iPhoneSimulator.ActiveCfg = Release|Any CPU
		{E7BF1C86-3ED5-431D-9B23-750C316FDCE5}.Release|iPhoneSimulator.Build.0 = Release|Any CPU
		{E7BF1C86-3ED5-431D-9B23-750C316FDCE5}.Release|iPhoneSimulator.Deploy.0 = Release|Any CPU
		{E7BF1C86-3ED5-431D-9B23-750C316FDCE5}.Release|x64.ActiveCfg = Release|Any CPU
		{E7BF1C86-3ED5-431D-9B23-750C316FDCE5}.Release|x64.Build.0 = Release|Any CPU
		{E7BF1C86-3ED5-431D-9B23-750C316FDCE5}.Release|x64.Deploy.0 = Release|Any CPU
		{E7BF1C86-3ED5-431D-9B23-750C316FDCE5}.Release|x86.ActiveCfg = Release|Any CPU
		{E7BF1C86-3ED5-431D-9B23-750C316FDCE5}.Release|x86.Build.0 = Release|Any CPU
		{E7BF1C86-3ED5-431D-9B23-750C316FDCE5}.Release|x86.Deploy.0 = Release|Any CPU
		{A0DFBB58-6933-45B9-AAF1-CCD647B149C1}.Ad-Hoc|Any CPU.ActiveCfg = Ad-Hoc|iPhone
		{A0DFBB58-6933-45B9-AAF1-CCD647B149C1}.Ad-Hoc|Any CPU.Build.0 = Ad-Hoc|iPhone
		{A0DFBB58-6933-45B9-AAF1-CCD647B149C1}.Ad-Hoc|Any CPU.Deploy.0 = Ad-Hoc|iPhone
		{A0DFBB58-6933-45B9-AAF1-CCD647B149C1}.Ad-Hoc|ARM.ActiveCfg = Ad-Hoc|iPhone
		{A0DFBB58-6933-45B9-AAF1-CCD647B149C1}.Ad-Hoc|ARM.Build.0 = Ad-Hoc|iPhone
		{A0DFBB58-6933-45B9-AAF1-CCD647B149C1}.Ad-Hoc|ARM.Deploy.0 = Ad-Hoc|iPhone
		{A0DFBB58-6933-45B9-AAF1-CCD647B149C1}.Ad-Hoc|iPhone.ActiveCfg = Ad-Hoc|iPhone
		{A0DFBB58-6933-45B9-AAF1-CCD647B149C1}.Ad-Hoc|iPhone.Build.0 = Ad-Hoc|iPhone
		{A0DFBB58-6933-45B9-AAF1-CCD647B149C1}.Ad-Hoc|iPhone.Deploy.0 = Ad-Hoc|iPhone
		{A0DFBB58-6933-45B9-AAF1-CCD647B149C1}.Ad-Hoc|iPhoneSimulator.ActiveCfg = Ad-Hoc|iPhoneSimulator
		{A0DFBB58-6933-45B9-AAF1-CCD647B149C1}.Ad-Hoc|iPhoneSimulator.Build.0 = Ad-Hoc|iPhoneSimulator
		{A0DFBB58-6933-45B9-AAF1-CCD647B149C1}.Ad-Hoc|iPhoneSimulator.Deploy.0 = Ad-Hoc|iPhoneSimulator
		{A0DFBB58-6933-45B9-AAF1-CCD647B149C1}.Ad-Hoc|x64.ActiveCfg = Ad-Hoc|iPhone
		{A0DFBB58-6933-45B9-AAF1-CCD647B149C1}.Ad-Hoc|x64.Build.0 = Ad-Hoc|iPhone
		{A0DFBB58-6933-45B9-AAF1-CCD647B149C1}.Ad-Hoc|x64.Deploy.0 = Ad-Hoc|iPhone
		{A0DFBB58-6933-45B9-AAF1-CCD647B149C1}.Ad-Hoc|x86.ActiveCfg = Ad-Hoc|iPhone
		{A0DFBB58-6933-45B9-AAF1-CCD647B149C1}.Ad-Hoc|x86.Build.0 = Ad-Hoc|iPhone
		{A0DFBB58-6933-45B9-AAF1-CCD647B149C1}.Ad-Hoc|x86.Deploy.0 = Ad-Hoc|iPhone
		{A0DFBB58-6933-45B9-AAF1-CCD647B149C1}.AppStore|Any CPU.ActiveCfg = AppStore|iPhone
		{A0DFBB58-6933-45B9-AAF1-CCD647B149C1}.AppStore|Any CPU.Build.0 = AppStore|iPhone
		{A0DFBB58-6933-45B9-AAF1-CCD647B149C1}.AppStore|Any CPU.Deploy.0 = AppStore|iPhone
		{A0DFBB58-6933-45B9-AAF1-CCD647B149C1}.AppStore|ARM.ActiveCfg = AppStore|iPhone
		{A0DFBB58-6933-45B9-AAF1-CCD647B149C1}.AppStore|ARM.Build.0 = AppStore|iPhone
		{A0DFBB58-6933-45B9-AAF1-CCD647B149C1}.AppStore|ARM.Deploy.0 = AppStore|iPhone
		{A0DFBB58-6933-45B9-AAF1-CCD647B149C1}.AppStore|iPhone.ActiveCfg = AppStore|iPhone
		{A0DFBB58-6933-45B9-AAF1-CCD647B149C1}.AppStore|iPhone.Build.0 = AppStore|iPhone
		{A0DFBB58-6933-45B9-AAF1-CCD647B149C1}.AppStore|iPhone.Deploy.0 = AppStore|iPhone
		{A0DFBB58-6933-45B9-AAF1-CCD647B149C1}.AppStore|iPhoneSimulator.ActiveCfg = AppStore|iPhoneSimulator
		{A0DFBB58-6933-45B9-AAF1-CCD647B149C1}.AppStore|iPhoneSimulator.Build.0 = AppStore|iPhoneSimulator
		{A0DFBB58-6933-45B9-AAF1-CCD647B149C1}.AppStore|iPhoneSimulator.Deploy.0 = AppStore|iPhoneSimulator
		{A0DFBB58-6933-45B9-AAF1-CCD647B149C1}.AppStore|x64.ActiveCfg = AppStore|iPhone
		{A0DFBB58-6933-45B9-AAF1-CCD647B149C1}.AppStore|x64.Build.0 = AppStore|iPhone
		{A0DFBB58-6933-45B9-AAF1-CCD647B149C1}.AppStore|x64.Deploy.0 = AppStore|iPhone
		{A0DFBB58-6933-45B9-AAF1-CCD647B149C1}.AppStore|x86.ActiveCfg = AppStore|iPhone
		{A0DFBB58-6933-45B9-AAF1-CCD647B149C1}.AppStore|x86.Build.0 = AppStore|iPhone
		{A0DFBB58-6933-45B9-AAF1-CCD647B149C1}.AppStore|x86.Deploy.0 = AppStore|iPhone
		{A0DFBB58-6933-45B9-AAF1-CCD647B149C1}.Debug|Any CPU.ActiveCfg = Debug|iPhoneSimulator
		{A0DFBB58-6933-45B9-AAF1-CCD647B149C1}.Debug|Any CPU.Build.0 = Debug|iPhoneSimulator
		{A0DFBB58-6933-45B9-AAF1-CCD647B149C1}.Debug|Any CPU.Deploy.0 = Debug|iPhoneSimulator
		{A0DFBB58-6933-45B9-AAF1-CCD647B149C1}.Debug|ARM.ActiveCfg = Debug|iPhone
		{A0DFBB58-6933-45B9-AAF1-CCD647B149C1}.Debug|ARM.Build.0 = Debug|iPhone
		{A0DFBB58-6933-45B9-AAF1-CCD647B149C1}.Debug|ARM.Deploy.0 = Debug|iPhone
		{A0DFBB58-6933-45B9-AAF1-CCD647B149C1}.Debug|iPhone.ActiveCfg = Debug|iPhone
		{A0DFBB58-6933-45B9-AAF1-CCD647B149C1}.Debug|iPhone.Build.0 = Debug|iPhone
		{A0DFBB58-6933-45B9-AAF1-CCD647B149C1}.Debug|iPhone.Deploy.0 = Debug|iPhone
		{A0DFBB58-6933-45B9-AAF1-CCD647B149C1}.Debug|iPhoneSimulator.ActiveCfg = Debug|iPhoneSimulator
		{A0DFBB58-6933-45B9-AAF1-CCD647B149C1}.Debug|iPhoneSimulator.Build.0 = Debug|iPhoneSimulator
		{A0DFBB58-6933-45B9-AAF1-CCD647B149C1}.Debug|iPhoneSimulator.Deploy.0 = Debug|iPhoneSimulator
		{A0DFBB58-6933-45B9-AAF1-CCD647B149C1}.Debug|x64.ActiveCfg = Debug|iPhone
		{A0DFBB58-6933-45B9-AAF1-CCD647B149C1}.Debug|x64.Build.0 = Debug|iPhone
		{A0DFBB58-6933-45B9-AAF1-CCD647B149C1}.Debug|x64.Deploy.0 = Debug|iPhone
		{A0DFBB58-6933-45B9-AAF1-CCD647B149C1}.Debug|x86.ActiveCfg = Debug|iPhone
		{A0DFBB58-6933-45B9-AAF1-CCD647B149C1}.Debug|x86.Build.0 = Debug|iPhone
		{A0DFBB58-6933-45B9-AAF1-CCD647B149C1}.Debug|x86.Deploy.0 = Debug|iPhone
		{A0DFBB58-6933-45B9-AAF1-CCD647B149C1}.Release|Any CPU.ActiveCfg = Release|iPhone
		{A0DFBB58-6933-45B9-AAF1-CCD647B149C1}.Release|Any CPU.Build.0 = Release|iPhone
		{A0DFBB58-6933-45B9-AAF1-CCD647B149C1}.Release|Any CPU.Deploy.0 = Release|iPhone
		{A0DFBB58-6933-45B9-AAF1-CCD647B149C1}.Release|ARM.ActiveCfg = Release|iPhone
		{A0DFBB58-6933-45B9-AAF1-CCD647B149C1}.Release|ARM.Build.0 = Release|iPhone
		{A0DFBB58-6933-45B9-AAF1-CCD647B149C1}.Release|ARM.Deploy.0 = Release|iPhone
		{A0DFBB58-6933-45B9-AAF1-CCD647B149C1}.Release|iPhone.ActiveCfg = Release|iPhone
		{A0DFBB58-6933-45B9-AAF1-CCD647B149C1}.Release|iPhone.Build.0 = Release|iPhone
		{A0DFBB58-6933-45B9-AAF1-CCD647B149C1}.Release|iPhone.Deploy.0 = Release|iPhone
		{A0DFBB58-6933-45B9-AAF1-CCD647B149C1}.Release|iPhoneSimulator.ActiveCfg = Release|iPhoneSimulator
		{A0DFBB58-6933-45B9-AAF1-CCD647B149C1}.Release|iPhoneSimulator.Build.0 = Release|iPhoneSimulator
		{A0DFBB58-6933-45B9-AAF1-CCD647B149C1}.Release|iPhoneSimulator.Deploy.0 = Release|iPhoneSimulator
		{A0DFBB58-6933-45B9-AAF1-CCD647B149C1}.Release|x64.ActiveCfg = Release|iPhone
		{A0DFBB58-6933-45B9-AAF1-CCD647B149C1}.Release|x64.Build.0 = Release|iPhone
		{A0DFBB58-6933-45B9-AAF1-CCD647B149C1}.Release|x64.Deploy.0 = Release|iPhone
		{A0DFBB58-6933-45B9-AAF1-CCD647B149C1}.Release|x86.ActiveCfg = Release|iPhone
		{A0DFBB58-6933-45B9-AAF1-CCD647B149C1}.Release|x86.Build.0 = Release|iPhone
		{A0DFBB58-6933-45B9-AAF1-CCD647B149C1}.Release|x86.Deploy.0 = Release|iPhone
		{F1DF824D-7C4E-4D69-9466-9E39FE8173CF}.Ad-Hoc|Any CPU.ActiveCfg = Release|x86
		{F1DF824D-7C4E-4D69-9466-9E39FE8173CF}.Ad-Hoc|Any CPU.Build.0 = Release|x86
		{F1DF824D-7C4E-4D69-9466-9E39FE8173CF}.Ad-Hoc|Any CPU.Deploy.0 = Release|x86
		{F1DF824D-7C4E-4D69-9466-9E39FE8173CF}.Ad-Hoc|ARM.ActiveCfg = Release|ARM
		{F1DF824D-7C4E-4D69-9466-9E39FE8173CF}.Ad-Hoc|ARM.Build.0 = Release|ARM
		{F1DF824D-7C4E-4D69-9466-9E39FE8173CF}.Ad-Hoc|ARM.Deploy.0 = Release|ARM
		{F1DF824D-7C4E-4D69-9466-9E39FE8173CF}.Ad-Hoc|iPhone.ActiveCfg = Release|x86
		{F1DF824D-7C4E-4D69-9466-9E39FE8173CF}.Ad-Hoc|iPhone.Build.0 = Release|x86
		{F1DF824D-7C4E-4D69-9466-9E39FE8173CF}.Ad-Hoc|iPhone.Deploy.0 = Release|x86
		{F1DF824D-7C4E-4D69-9466-9E39FE8173CF}.Ad-Hoc|iPhoneSimulator.ActiveCfg = Release|x86
		{F1DF824D-7C4E-4D69-9466-9E39FE8173CF}.Ad-Hoc|iPhoneSimulator.Build.0 = Release|x86
		{F1DF824D-7C4E-4D69-9466-9E39FE8173CF}.Ad-Hoc|iPhoneSimulator.Deploy.0 = Release|x86
		{F1DF824D-7C4E-4D69-9466-9E39FE8173CF}.Ad-Hoc|x64.ActiveCfg = Release|x64
		{F1DF824D-7C4E-4D69-9466-9E39FE8173CF}.Ad-Hoc|x64.Build.0 = Release|x64
		{F1DF824D-7C4E-4D69-9466-9E39FE8173CF}.Ad-Hoc|x64.Deploy.0 = Release|x64
		{F1DF824D-7C4E-4D69-9466-9E39FE8173CF}.Ad-Hoc|x86.ActiveCfg = Release|x86
		{F1DF824D-7C4E-4D69-9466-9E39FE8173CF}.Ad-Hoc|x86.Build.0 = Release|x86
		{F1DF824D-7C4E-4D69-9466-9E39FE8173CF}.Ad-Hoc|x86.Deploy.0 = Release|x86
		{F1DF824D-7C4E-4D69-9466-9E39FE8173CF}.AppStore|Any CPU.ActiveCfg = Release|x86
		{F1DF824D-7C4E-4D69-9466-9E39FE8173CF}.AppStore|Any CPU.Build.0 = Release|x86
		{F1DF824D-7C4E-4D69-9466-9E39FE8173CF}.AppStore|Any CPU.Deploy.0 = Release|x86
		{F1DF824D-7C4E-4D69-9466-9E39FE8173CF}.AppStore|ARM.ActiveCfg = Release|ARM
		{F1DF824D-7C4E-4D69-9466-9E39FE8173CF}.AppStore|ARM.Build.0 = Release|ARM
		{F1DF824D-7C4E-4D69-9466-9E39FE8173CF}.AppStore|ARM.Deploy.0 = Release|ARM
		{F1DF824D-7C4E-4D69-9466-9E39FE8173CF}.AppStore|iPhone.ActiveCfg = Release|x86
		{F1DF824D-7C4E-4D69-9466-9E39FE8173CF}.AppStore|iPhone.Build.0 = Release|x86
		{F1DF824D-7C4E-4D69-9466-9E39FE8173CF}.AppStore|iPhone.Deploy.0 = Release|x86
		{F1DF824D-7C4E-4D69-9466-9E39FE8173CF}.AppStore|iPhoneSimulator.ActiveCfg = Release|x86
		{F1DF824D-7C4E-4D69-9466-9E39FE8173CF}.AppStore|iPhoneSimulator.Build.0 = Release|x86
		{F1DF824D-7C4E-4D69-9466-9E39FE8173CF}.AppStore|iPhoneSimulator.Deploy.0 = Release|x86
		{F1DF824D-7C4E-4D69-9466-9E39FE8173CF}.AppStore|x64.ActiveCfg = Release|x64
		{F1DF824D-7C4E-4D69-9466-9E39FE8173CF}.AppStore|x64.Build.0 = Release|x64
		{F1DF824D-7C4E-4D69-9466-9E39FE8173CF}.AppStore|x64.Deploy.0 = Release|x64
		{F1DF824D-7C4E-4D69-9466-9E39FE8173CF}.AppStore|x86.ActiveCfg = Release|x86
		{F1DF824D-7C4E-4D69-9466-9E39FE8173CF}.AppStore|x86.Build.0 = Release|x86
		{F1DF824D-7C4E-4D69-9466-9E39FE8173CF}.AppStore|x86.Deploy.0 = Release|x86
		{F1DF824D-7C4E-4D69-9466-9E39FE8173CF}.Debug|Any CPU.ActiveCfg = Debug|x86
		{F1DF824D-7C4E-4D69-9466-9E39FE8173CF}.Debug|Any CPU.Build.0 = Debug|x86
		{F1DF824D-7C4E-4D69-9466-9E39FE8173CF}.Debug|Any CPU.Deploy.0 = Debug|x86
		{F1DF824D-7C4E-4D69-9466-9E39FE8173CF}.Debug|ARM.ActiveCfg = Debug|ARM
		{F1DF824D-7C4E-4D69-9466-9E39FE8173CF}.Debug|ARM.Build.0 = Debug|ARM
		{F1DF824D-7C4E-4D69-9466-9E39FE8173CF}.Debug|ARM.Deploy.0 = Debug|ARM
		{F1DF824D-7C4E-4D69-9466-9E39FE8173CF}.Debug|iPhone.ActiveCfg = Debug|x86
		{F1DF824D-7C4E-4D69-9466-9E39FE8173CF}.Debug|iPhone.Build.0 = Debug|x86
		{F1DF824D-7C4E-4D69-9466-9E39FE8173CF}.Debug|iPhone.Deploy.0 = Debug|x86
		{F1DF824D-7C4E-4D69-9466-9E39FE8173CF}.Debug|iPhoneSimulator.ActiveCfg = Debug|x86
		{F1DF824D-7C4E-4D69-9466-9E39FE8173CF}.Debug|iPhoneSimulator.Build.0 = Debug|x86
		{F1DF824D-7C4E-4D69-9466-9E39FE8173CF}.Debug|iPhoneSimulator.Deploy.0 = Debug|x86
		{F1DF824D-7C4E-4D69-9466-9E39FE8173CF}.Debug|x64.ActiveCfg = Debug|x64
		{F1DF824D-7C4E-4D69-9466-9E39FE8173CF}.Debug|x64.Build.0 = Debug|x64
		{F1DF824D-7C4E-4D69-9466-9E39FE8173CF}.Debug|x64.Deploy.0 = Debug|x64
		{F1DF824D-7C4E-4D69-9466-9E39FE8173CF}.Debug|x86.ActiveCfg = Debug|x86
		{F1DF824D-7C4E-4D69-9466-9E39FE8173CF}.Debug|x86.Build.0 = Debug|x86
		{F1DF824D-7C4E-4D69-9466-9E39FE8173CF}.Debug|x86.Deploy.0 = Debug|x86
		{F1DF824D-7C4E-4D69-9466-9E39FE8173CF}.Release|Any CPU.ActiveCfg = Release|x86
		{F1DF824D-7C4E-4D69-9466-9E39FE8173CF}.Release|Any CPU.Build.0 = Release|x86
		{F1DF824D-7C4E-4D69-9466-9E39FE8173CF}.Release|Any CPU.Deploy.0 = Release|x86
		{F1DF824D-7C4E-4D69-9466-9E39FE8173CF}.Release|ARM.ActiveCfg = Release|ARM
		{F1DF824D-7C4E-4D69-9466-9E39FE8173CF}.Release|ARM.Build.0 = Release|ARM
		{F1DF824D-7C4E-4D69-9466-9E39FE8173CF}.Release|ARM.Deploy.0 = Release|ARM
		{F1DF824D-7C4E-4D69-9466-9E39FE8173CF}.Release|iPhone.ActiveCfg = Release|x86
		{F1DF824D-7C4E-4D69-9466-9E39FE8173CF}.Release|iPhone.Build.0 = Release|x86
		{F1DF824D-7C4E-4D69-9466-9E39FE8173CF}.Release|iPhone.Deploy.0 = Release|x86
		{F1DF824D-7C4E-4D69-9466-9E39FE8173CF}.Release|iPhoneSimulator.ActiveCfg = Release|x86
		{F1DF824D-7C4E-4D69-9466-9E39FE8173CF}.Release|iPhoneSimulator.Build.0 = Release|x86
		{F1DF824D-7C4E-4D69-9466-9E39FE8173CF}.Release|iPhoneSimulator.Deploy.0 = Release|x86
		{F1DF824D-7C4E-4D69-9466-9E39FE8173CF}.Release|x64.ActiveCfg = Release|x64
		{F1DF824D-7C4E-4D69-9466-9E39FE8173CF}.Release|x64.Build.0 = Release|x64
		{F1DF824D-7C4E-4D69-9466-9E39FE8173CF}.Release|x64.Deploy.0 = Release|x64
		{F1DF824D-7C4E-4D69-9466-9E39FE8173CF}.Release|x86.ActiveCfg = Release|x86
		{F1DF824D-7C4E-4D69-9466-9E39FE8173CF}.Release|x86.Build.0 = Release|x86
		{F1DF824D-7C4E-4D69-9466-9E39FE8173CF}.Release|x86.Deploy.0 = Release|x86
		{431DDDD0-1847-4D8A-8757-AD84D0491B34}.Ad-Hoc|Any CPU.ActiveCfg = Debug|Any CPU
		{431DDDD0-1847-4D8A-8757-AD84D0491B34}.Ad-Hoc|Any CPU.Build.0 = Debug|Any CPU
		{431DDDD0-1847-4D8A-8757-AD84D0491B34}.Ad-Hoc|Any CPU.Deploy.0 = Debug|Any CPU
		{431DDDD0-1847-4D8A-8757-AD84D0491B34}.Ad-Hoc|ARM.ActiveCfg = Debug|Any CPU
		{431DDDD0-1847-4D8A-8757-AD84D0491B34}.Ad-Hoc|ARM.Build.0 = Debug|Any CPU
		{431DDDD0-1847-4D8A-8757-AD84D0491B34}.Ad-Hoc|ARM.Deploy.0 = Debug|Any CPU
		{431DDDD0-1847-4D8A-8757-AD84D0491B34}.Ad-Hoc|iPhone.ActiveCfg = Debug|Any CPU
		{431DDDD0-1847-4D8A-8757-AD84D0491B34}.Ad-Hoc|iPhone.Build.0 = Debug|Any CPU
		{431DDDD0-1847-4D8A-8757-AD84D0491B34}.Ad-Hoc|iPhone.Deploy.0 = Debug|Any CPU
		{431DDDD0-1847-4D8A-8757-AD84D0491B34}.Ad-Hoc|iPhoneSimulator.ActiveCfg = Debug|Any CPU
		{431DDDD0-1847-4D8A-8757-AD84D0491B34}.Ad-Hoc|iPhoneSimulator.Build.0 = Debug|Any CPU
		{431DDDD0-1847-4D8A-8757-AD84D0491B34}.Ad-Hoc|iPhoneSimulator.Deploy.0 = Debug|Any CPU
		{431DDDD0-1847-4D8A-8757-AD84D0491B34}.Ad-Hoc|x64.ActiveCfg = Debug|Any CPU
		{431DDDD0-1847-4D8A-8757-AD84D0491B34}.Ad-Hoc|x64.Build.0 = Debug|Any CPU
		{431DDDD0-1847-4D8A-8757-AD84D0491B34}.Ad-Hoc|x64.Deploy.0 = Debug|Any CPU
		{431DDDD0-1847-4D8A-8757-AD84D0491B34}.Ad-Hoc|x86.ActiveCfg = Debug|Any CPU
		{431DDDD0-1847-4D8A-8757-AD84D0491B34}.Ad-Hoc|x86.Build.0 = Debug|Any CPU
		{431DDDD0-1847-4D8A-8757-AD84D0491B34}.Ad-Hoc|x86.Deploy.0 = Debug|Any CPU
		{431DDDD0-1847-4D8A-8757-AD84D0491B34}.AppStore|Any CPU.ActiveCfg = Debug|Any CPU
		{431DDDD0-1847-4D8A-8757-AD84D0491B34}.AppStore|Any CPU.Build.0 = Debug|Any CPU
		{431DDDD0-1847-4D8A-8757-AD84D0491B34}.AppStore|Any CPU.Deploy.0 = Debug|Any CPU
		{431DDDD0-1847-4D8A-8757-AD84D0491B34}.AppStore|ARM.ActiveCfg = Debug|Any CPU
		{431DDDD0-1847-4D8A-8757-AD84D0491B34}.AppStore|ARM.Build.0 = Debug|Any CPU
		{431DDDD0-1847-4D8A-8757-AD84D0491B34}.AppStore|ARM.Deploy.0 = Debug|Any CPU
		{431DDDD0-1847-4D8A-8757-AD84D0491B34}.AppStore|iPhone.ActiveCfg = Debug|Any CPU
		{431DDDD0-1847-4D8A-8757-AD84D0491B34}.AppStore|iPhone.Build.0 = Debug|Any CPU
		{431DDDD0-1847-4D8A-8757-AD84D0491B34}.AppStore|iPhone.Deploy.0 = Debug|Any CPU
		{431DDDD0-1847-4D8A-8757-AD84D0491B34}.AppStore|iPhoneSimulator.ActiveCfg = Debug|Any CPU
		{431DDDD0-1847-4D8A-8757-AD84D0491B34}.AppStore|iPhoneSimulator.Build.0 = Debug|Any CPU
		{431DDDD0-1847-4D8A-8757-AD84D0491B34}.AppStore|iPhoneSimulator.Deploy.0 = Debug|Any CPU
		{431DDDD0-1847-4D8A-8757-AD84D0491B34}.AppStore|x64.ActiveCfg = Debug|Any CPU
		{431DDDD0-1847-4D8A-8757-AD84D0491B34}.AppStore|x64.Build.0 = Debug|Any CPU
		{431DDDD0-1847-4D8A-8757-AD84D0491B34}.AppStore|x64.Deploy.0 = Debug|Any CPU
		{431DDDD0-1847-4D8A-8757-AD84D0491B34}.AppStore|x86.ActiveCfg = Debug|Any CPU
		{431DDDD0-1847-4D8A-8757-AD84D0491B34}.AppStore|x86.Build.0 = Debug|Any CPU
		{431DDDD0-1847-4D8A-8757-AD84D0491B34}.AppStore|x86.Deploy.0 = Debug|Any CPU
		{431DDDD0-1847-4D8A-8757-AD84D0491B34}.Debug|Any CPU.ActiveCfg = Debug|Any CPU
		{431DDDD0-1847-4D8A-8757-AD84D0491B34}.Debug|Any CPU.Build.0 = Debug|Any CPU
		{431DDDD0-1847-4D8A-8757-AD84D0491B34}.Debug|Any CPU.Deploy.0 = Debug|Any CPU
		{431DDDD0-1847-4D8A-8757-AD84D0491B34}.Debug|ARM.ActiveCfg = Debug|Any CPU
		{431DDDD0-1847-4D8A-8757-AD84D0491B34}.Debug|ARM.Build.0 = Debug|Any CPU
		{431DDDD0-1847-4D8A-8757-AD84D0491B34}.Debug|ARM.Deploy.0 = Debug|Any CPU
		{431DDDD0-1847-4D8A-8757-AD84D0491B34}.Debug|iPhone.ActiveCfg = Debug|Any CPU
		{431DDDD0-1847-4D8A-8757-AD84D0491B34}.Debug|iPhone.Build.0 = Debug|Any CPU
		{431DDDD0-1847-4D8A-8757-AD84D0491B34}.Debug|iPhone.Deploy.0 = Debug|Any CPU
		{431DDDD0-1847-4D8A-8757-AD84D0491B34}.Debug|iPhoneSimulator.ActiveCfg = Debug|Any CPU
		{431DDDD0-1847-4D8A-8757-AD84D0491B34}.Debug|iPhoneSimulator.Build.0 = Debug|Any CPU
		{431DDDD0-1847-4D8A-8757-AD84D0491B34}.Debug|iPhoneSimulator.Deploy.0 = Debug|Any CPU
		{431DDDD0-1847-4D8A-8757-AD84D0491B34}.Debug|x64.ActiveCfg = Debug|Any CPU
		{431DDDD0-1847-4D8A-8757-AD84D0491B34}.Debug|x64.Build.0 = Debug|Any CPU
		{431DDDD0-1847-4D8A-8757-AD84D0491B34}.Debug|x64.Deploy.0 = Debug|Any CPU
		{431DDDD0-1847-4D8A-8757-AD84D0491B34}.Debug|x86.ActiveCfg = Debug|Any CPU
		{431DDDD0-1847-4D8A-8757-AD84D0491B34}.Debug|x86.Build.0 = Debug|Any CPU
		{431DDDD0-1847-4D8A-8757-AD84D0491B34}.Debug|x86.Deploy.0 = Debug|Any CPU
		{431DDDD0-1847-4D8A-8757-AD84D0491B34}.Release|Any CPU.ActiveCfg = Release|Any CPU
		{431DDDD0-1847-4D8A-8757-AD84D0491B34}.Release|Any CPU.Build.0 = Release|Any CPU
		{431DDDD0-1847-4D8A-8757-AD84D0491B34}.Release|Any CPU.Deploy.0 = Release|Any CPU
		{431DDDD0-1847-4D8A-8757-AD84D0491B34}.Release|ARM.ActiveCfg = Release|Any CPU
		{431DDDD0-1847-4D8A-8757-AD84D0491B34}.Release|ARM.Build.0 = Release|Any CPU
		{431DDDD0-1847-4D8A-8757-AD84D0491B34}.Release|ARM.Deploy.0 = Release|Any CPU
		{431DDDD0-1847-4D8A-8757-AD84D0491B34}.Release|iPhone.ActiveCfg = Release|Any CPU
		{431DDDD0-1847-4D8A-8757-AD84D0491B34}.Release|iPhone.Build.0 = Release|Any CPU
		{431DDDD0-1847-4D8A-8757-AD84D0491B34}.Release|iPhone.Deploy.0 = Release|Any CPU
		{431DDDD0-1847-4D8A-8757-AD84D0491B34}.Release|iPhoneSimulator.ActiveCfg = Release|Any CPU
		{431DDDD0-1847-4D8A-8757-AD84D0491B34}.Release|iPhoneSimulator.Build.0 = Release|Any CPU
		{431DDDD0-1847-4D8A-8757-AD84D0491B34}.Release|iPhoneSimulator.Deploy.0 = Release|Any CPU
		{431DDDD0-1847-4D8A-8757-AD84D0491B34}.Release|x64.ActiveCfg = Release|Any CPU
		{431DDDD0-1847-4D8A-8757-AD84D0491B34}.Release|x64.Build.0 = Release|Any CPU
		{431DDDD0-1847-4D8A-8757-AD84D0491B34}.Release|x64.Deploy.0 = Release|Any CPU
		{431DDDD0-1847-4D8A-8757-AD84D0491B34}.Release|x86.ActiveCfg = Release|Any CPU
		{431DDDD0-1847-4D8A-8757-AD84D0491B34}.Release|x86.Build.0 = Release|Any CPU
		{431DDDD0-1847-4D8A-8757-AD84D0491B34}.Release|x86.Deploy.0 = Release|Any CPU
	EndGlobalSection
	GlobalSection(SolutionProperties) = preSolution
		HideSolutionNode = FALSE
	EndGlobalSection
	GlobalSection(ExtensibilityGlobals) = postSolution
		SolutionGuid = {37D9CE98-1186-4074-B423-79EA76606B40}
	EndGlobalSection
EndGlobal
